
Microsoft Visual Studio Solution File, Format Version 12.00
# Visual Studio Version 17
VisualStudioVersion = 17.2.32526.322
MinimumVisualStudioVersion = 10.0.40219.1
Project("{FAE04EC0-301F-11D3-BF4B-00C04F79EFBC}") = "SOLID_principles", "SOLID_principles\SOLID_principles.csproj", "{5523978A-DB05-4DFE-B9A4-B0041CA2BF87}"
EndProject
Project("{FAE04EC0-301F-11D3-BF4B-00C04F79EFBC}") = "InterfaceISP", "InterfaceISP\InterfaceISP.csproj", "{D80EEDAE-0099-403C-983D-8EEFC2A62E10}"
EndProject
Project("{FAE04EC0-301F-11D3-BF4B-00C04F79EFBC}") = "OCP", "OCP\OCP.csproj", "{F2C2A7C0-DB06-4461-AE9B-1DF319A2F609}"
EndProject
Project("{FAE04EC0-301F-11D3-BF4B-00C04F79EFBC}") = "LSP", "LSP\LSP.csproj", "{1377ADE6-88AD-40CB-B075-32F5D5562B44}"
EndProject
Global
	GlobalSection(SolutionConfigurationPlatforms) = preSolution
		Debug|Any CPU = Debug|Any CPU
		Release|Any CPU = Release|Any CPU
	EndGlobalSection
	GlobalSection(ProjectConfigurationPlatforms) = postSolution
		{5523978A-DB05-4DFE-B9A4-B0041CA2BF87}.Debug|Any CPU.ActiveCfg = Debug|Any CPU
		{5523978A-DB05-4DFE-B9A4-B0041CA2BF87}.Debug|Any CPU.Build.0 = Debug|Any CPU
		{5523978A-DB05-4DFE-B9A4-B0041CA2BF87}.Release|Any CPU.ActiveCfg = Release|Any CPU
		{5523978A-DB05-4DFE-B9A4-B0041CA2BF87}.Release|Any CPU.Build.0 = Release|Any CPU
		{D80EEDAE-0099-403C-983D-8EEFC2A62E10}.Debug|Any CPU.ActiveCfg = Debug|Any CPU
		{D80EEDAE-0099-403C-983D-8EEFC2A62E10}.Debug|Any CPU.Build.0 = Debug|Any CPU
		{D80EEDAE-0099-403C-983D-8EEFC2A62E10}.Release|Any CPU.ActiveCfg = Release|Any CPU
		{D80EEDAE-0099-403C-983D-8EEFC2A62E10}.Release|Any CPU.Build.0 = Release|Any CPU
		{F2C2A7C0-DB06-4461-AE9B-1DF319A2F609}.Debug|Any CPU.ActiveCfg = Debug|Any CPU
		{F2C2A7C0-DB06-4461-AE9B-1DF319A2F609}.Debug|Any CPU.Build.0 = Debug|Any CPU
		{F2C2A7C0-DB06-4461-AE9B-1DF319A2F609}.Release|Any CPU.ActiveCfg = Release|Any CPU
		{F2C2A7C0-DB06-4461-AE9B-1DF319A2F609}.Release|Any CPU.Build.0 = Release|Any CPU
		{1377ADE6-88AD-40CB-B075-32F5D5562B44}.Debug|Any CPU.ActiveCfg = Debug|Any CPU
		{1377ADE6-88AD-40CB-B075-32F5D5562B44}.Debug|Any CPU.Build.0 = Debug|Any CPU
		{1377ADE6-88AD-40CB-B075-32F5D5562B44}.Release|Any CPU.ActiveCfg = Release|Any CPU
		{1377ADE6-88AD-40CB-B075-32F5D5562B44}.Release|Any CPU.Build.0 = Release|Any CPU
	EndGlobalSection
	GlobalSection(SolutionProperties) = preSolution
		HideSolutionNode = FALSE
	EndGlobalSection
	GlobalSection(ExtensibilityGlobals) = postSolution
		SolutionGuid = {B0A2B361-8AD3-4A99-9F63-2BF761DFA42A}
	EndGlobalSection
EndGlobal
